
Microsoft Visual Studio Solution File, Format Version 12.00
# Visual Studio Version 17
VisualStudioVersion = 17.4.33205.214
MinimumVisualStudioVersion = 10.0.40219.1
Project("{FAE04EC0-301F-11D3-BF4B-00C04F79EFBC}") = "Doprez.Stride.AI", "Doprez.Stride.AI\Doprez.Stride.AI.csproj", "{75EB9338-47ED-4A40-A91B-FC5CFF5BB398}"
EndProject
Global
	GlobalSection(SolutionConfigurationPlatforms) = preSolution
		Debug|Any CPU = Debug|Any CPU
		Release|Any CPU = Release|Any CPU
	EndGlobalSection
	GlobalSection(ProjectConfigurationPlatforms) = postSolution
		{75EB9338-47ED-4A40-A91B-FC5CFF5BB398}.Debug|Any CPU.ActiveCfg = Debug|Any CPU
		{75EB9338-47ED-4A40-A91B-FC5CFF5BB398}.Debug|Any CPU.Build.0 = Debug|Any CPU
		{75EB9338-47ED-4A40-A91B-FC5CFF5BB398}.Release|Any CPU.ActiveCfg = Release|Any CPU
		{75EB9338-47ED-4A40-A91B-FC5CFF5BB398}.Release|Any CPU.Build.0 = Release|Any CPU
	EndGlobalSection
	GlobalSection(SolutionProperties) = preSolution
		HideSolutionNode = FALSE
	EndGlobalSection
	GlobalSection(ExtensibilityGlobals) = postSolution
		SolutionGuid = {C120FFC4-86D2-41A0-9431-8F8CBB0C2E76}
	EndGlobalSection
EndGlobal
